
Microsoft Visual Studio Solution File, Format Version 12.00
# Visual Studio Version 16
VisualStudioVersion = 16.0.32002.261
MinimumVisualStudioVersion = 10.0.40219.1
Project("{FAE04EC0-301F-11D3-BF4B-00C04F79EFBC}") = "Tourial.AspNet", "Tourial.AspNet.csproj", "{1BEDA673-B704-4E9A-B263-F1FFF9E21E86}"
EndProject
Global
	GlobalSection(SolutionConfigurationPlatforms) = preSolution
		Debug|Any CPU = Debug|Any CPU
		Release|Any CPU = Release|Any CPU
	EndGlobalSection
	GlobalSection(ProjectConfigurationPlatforms) = postSolution
		{1BEDA673-B704-4E9A-B263-F1FFF9E21E86}.Debug|Any CPU.ActiveCfg = Debug|Any CPU
		{1BEDA673-B704-4E9A-B263-F1FFF9E21E86}.Debug|Any CPU.Build.0 = Debug|Any CPU
		{1BEDA673-B704-4E9A-B263-F1FFF9E21E86}.Release|Any CPU.ActiveCfg = Release|Any CPU
		{1BEDA673-B704-4E9A-B263-F1FFF9E21E86}.Release|Any CPU.Build.0 = Release|Any CPU
	EndGlobalSection
	GlobalSection(SolutionProperties) = preSolution
		HideSolutionNode = FALSE
	EndGlobalSection
	GlobalSection(ExtensibilityGlobals) = postSolution
		SolutionGuid = {CFF901D6-A05E-4BAA-9693-D3884DFEAB86}
	EndGlobalSection
EndGlobal
